
Microsoft Visual Studio Solution File, Format Version 12.00
# Visual Studio 2015
Project("{FAE04EC0-301F-11D3-BF4B-00C04F79EFBC}") = "playingWithFire.CSharp.Plugins", "playingWithFire.CSharp.Plugins.csproj", "{744D5D38-08C6-B1AE-8F8F-FF842DB32902}"
EndProject
Project("{FAE04EC0-301F-11D3-BF4B-00C04F79EFBC}") = "playingWithFire.CSharp", "playingWithFire.CSharp.csproj", "{29AC7472-AC4A-2FF6-870F-414634266022}"
EndProject
Project("{FAE04EC0-301F-11D3-BF4B-00C04F79EFBC}") = "playingWithFire.CSharp.Editor", "playingWithFire.CSharp.Editor.csproj", "{2549B558-A036-31F3-7393-AD97800C4C43}"
EndProject
Global
	GlobalSection(SolutionConfigurationPlatforms) = preSolution
		Debug|Any CPU = Debug|Any CPU
		Release|Any CPU = Release|Any CPU
	EndGlobalSection
	GlobalSection(ProjectConfigurationPlatforms) = postSolution
		{744D5D38-08C6-B1AE-8F8F-FF842DB32902}.Debug|Any CPU.ActiveCfg = Debug|Any CPU
		{744D5D38-08C6-B1AE-8F8F-FF842DB32902}.Debug|Any CPU.Build.0 = Debug|Any CPU
		{744D5D38-08C6-B1AE-8F8F-FF842DB32902}.Release|Any CPU.ActiveCfg = Release|Any CPU
		{744D5D38-08C6-B1AE-8F8F-FF842DB32902}.Release|Any CPU.Build.0 = Release|Any CPU
		{29AC7472-AC4A-2FF6-870F-414634266022}.Debug|Any CPU.ActiveCfg = Debug|Any CPU
		{29AC7472-AC4A-2FF6-870F-414634266022}.Debug|Any CPU.Build.0 = Debug|Any CPU
		{29AC7472-AC4A-2FF6-870F-414634266022}.Release|Any CPU.ActiveCfg = Release|Any CPU
		{29AC7472-AC4A-2FF6-870F-414634266022}.Release|Any CPU.Build.0 = Release|Any CPU
		{2549B558-A036-31F3-7393-AD97800C4C43}.Debug|Any CPU.ActiveCfg = Debug|Any CPU
		{2549B558-A036-31F3-7393-AD97800C4C43}.Debug|Any CPU.Build.0 = Debug|Any CPU
		{2549B558-A036-31F3-7393-AD97800C4C43}.Release|Any CPU.ActiveCfg = Release|Any CPU
		{2549B558-A036-31F3-7393-AD97800C4C43}.Release|Any CPU.Build.0 = Release|Any CPU
	EndGlobalSection
	GlobalSection(SolutionProperties) = preSolution
		HideSolutionNode = FALSE
	EndGlobalSection
EndGlobal
